
Microsoft Visual Studio Solution File, Format Version 12.00
# Visual Studio Version 16
VisualStudioVersion = 16.0.29403.142
MinimumVisualStudioVersion = 10.0.40219.1
Project("{FAE04EC0-301F-11D3-BF4B-00C04F79EFBC}") = "FrontTimer", "FrontTimer\FrontTimer.csproj", "{A3BE6E2B-5470-4167-8522-CECA666D8546}"
EndProject
Global
	GlobalSection(SolutionConfigurationPlatforms) = preSolution
		Debug|Any CPU = Debug|Any CPU
		Release|Any CPU = Release|Any CPU
	EndGlobalSection
	GlobalSection(ProjectConfigurationPlatforms) = postSolution
		{A3BE6E2B-5470-4167-8522-CECA666D8546}.Debug|Any CPU.ActiveCfg = Debug|Any CPU
		{A3BE6E2B-5470-4167-8522-CECA666D8546}.Debug|Any CPU.Build.0 = Debug|Any CPU
		{A3BE6E2B-5470-4167-8522-CECA666D8546}.Release|Any CPU.ActiveCfg = Release|Any CPU
		{A3BE6E2B-5470-4167-8522-CECA666D8546}.Release|Any CPU.Build.0 = Release|Any CPU
	EndGlobalSection
	GlobalSection(SolutionProperties) = preSolution
		HideSolutionNode = FALSE
	EndGlobalSection
	GlobalSection(ExtensibilityGlobals) = postSolution
		SolutionGuid = {24B76B93-53E4-43FB-B55F-FA5D569D1430}
	EndGlobalSection
EndGlobal
